
Microsoft Visual Studio Solution File, Format Version 12.00
# Visual Studio Version 17
VisualStudioVersion = 17.13.35931.197 d17.13
MinimumVisualStudioVersion = 10.0.40219.1
Project("{FAE04EC0-301F-11D3-BF4B-00C04F79EFBC}") = "InkWatch", "InkWatch.csproj", "{C08DC0BD-5E3E-4F99-A70F-ED571B683428}"
EndProject
Global
	GlobalSection(SolutionConfigurationPlatforms) = preSolution
		Debug|Any CPU = Debug|Any CPU
		Release|Any CPU = Release|Any CPU
	EndGlobalSection
	GlobalSection(ProjectConfigurationPlatforms) = postSolution
		{C08DC0BD-5E3E-4F99-A70F-ED571B683428}.Debug|Any CPU.ActiveCfg = Debug|Any CPU
		{C08DC0BD-5E3E-4F99-A70F-ED571B683428}.Debug|Any CPU.Build.0 = Debug|Any CPU
		{C08DC0BD-5E3E-4F99-A70F-ED571B683428}.Release|Any CPU.ActiveCfg = Release|Any CPU
		{C08DC0BD-5E3E-4F99-A70F-ED571B683428}.Release|Any CPU.Build.0 = Release|Any CPU
	EndGlobalSection
	GlobalSection(SolutionProperties) = preSolution
		HideSolutionNode = FALSE
	EndGlobalSection
	GlobalSection(ExtensibilityGlobals) = postSolution
		SolutionGuid = {67F1C450-8E99-4E85-9106-1D519E15BAF5}
	EndGlobalSection
EndGlobal
